
Microsoft Visual Studio Solution File, Format Version 12.00
# Visual Studio Version 17
VisualStudioVersion = 17.5.002.0
MinimumVisualStudioVersion = 10.0.40219.1
Project("{2150E333-8FDC-42A3-9474-1A3956D46DE8}") = "api", "api", "{56478428-362C-4D52-AEEA-2C41802F447F}"
EndProject
Project("{9A19103F-16F7-4668-BE54-9A1E7A4F7556}") = "Rask.Api", "api\Rask.Api\Rask.Api.csproj", "{5C10D84A-D148-42C5-A349-10BC6EF51320}"
EndProject
Project("{9A19103F-16F7-4668-BE54-9A1E7A4F7556}") = "Rask.Api.Data", "api\Rask.Api.Data\Rask.Api.Data.csproj", "{FC276D17-0681-45F5-B4F1-2EEABF52AFD8}"
EndProject
Global
	GlobalSection(SolutionConfigurationPlatforms) = preSolution
		Debug|Any CPU = Debug|Any CPU
		Release|Any CPU = Release|Any CPU
	EndGlobalSection
	GlobalSection(ProjectConfigurationPlatforms) = postSolution
		{5C10D84A-D148-42C5-A349-10BC6EF51320}.Debug|Any CPU.ActiveCfg = Debug|Any CPU
		{5C10D84A-D148-42C5-A349-10BC6EF51320}.Debug|Any CPU.Build.0 = Debug|Any CPU
		{5C10D84A-D148-42C5-A349-10BC6EF51320}.Release|Any CPU.ActiveCfg = Release|Any CPU
		{5C10D84A-D148-42C5-A349-10BC6EF51320}.Release|Any CPU.Build.0 = Release|Any CPU
		{FC276D17-0681-45F5-B4F1-2EEABF52AFD8}.Debug|Any CPU.ActiveCfg = Debug|Any CPU
		{FC276D17-0681-45F5-B4F1-2EEABF52AFD8}.Debug|Any CPU.Build.0 = Debug|Any CPU
		{FC276D17-0681-45F5-B4F1-2EEABF52AFD8}.Release|Any CPU.ActiveCfg = Release|Any CPU
		{FC276D17-0681-45F5-B4F1-2EEABF52AFD8}.Release|Any CPU.Build.0 = Release|Any CPU
	EndGlobalSection
	GlobalSection(SolutionProperties) = preSolution
		HideSolutionNode = FALSE
	EndGlobalSection
	GlobalSection(NestedProjects) = preSolution
		{5C10D84A-D148-42C5-A349-10BC6EF51320} = {56478428-362C-4D52-AEEA-2C41802F447F}
		{FC276D17-0681-45F5-B4F1-2EEABF52AFD8} = {56478428-362C-4D52-AEEA-2C41802F447F}
	EndGlobalSection
	GlobalSection(ExtensibilityGlobals) = postSolution
		SolutionGuid = {C272F84A-43B1-4A6E-AC12-66329CD318EB}
	EndGlobalSection
EndGlobal
